
Microsoft Visual Studio Solution File, Format Version 12.00
# Visual Studio Version 16
VisualStudioVersion = 16.0.31205.134
MinimumVisualStudioVersion = 10.0.40219.1
Project("{FAE04EC0-301F-11D3-BF4B-00C04F79EFBC}") = "Borjomi", "Borjomi\Borjomi.csproj", "{9BC37C48-5532-41EF-BE25-4B4AF0006E0F}"
EndProject
Global
	GlobalSection(SolutionConfigurationPlatforms) = preSolution
		Debug|Any CPU = Debug|Any CPU
		Release|Any CPU = Release|Any CPU
	EndGlobalSection
	GlobalSection(ProjectConfigurationPlatforms) = postSolution
		{9BC37C48-5532-41EF-BE25-4B4AF0006E0F}.Debug|Any CPU.ActiveCfg = Debug|Any CPU
		{9BC37C48-5532-41EF-BE25-4B4AF0006E0F}.Debug|Any CPU.Build.0 = Debug|Any CPU
		{9BC37C48-5532-41EF-BE25-4B4AF0006E0F}.Release|Any CPU.ActiveCfg = Release|Any CPU
		{9BC37C48-5532-41EF-BE25-4B4AF0006E0F}.Release|Any CPU.Build.0 = Release|Any CPU
	EndGlobalSection
	GlobalSection(SolutionProperties) = preSolution
		HideSolutionNode = FALSE
	EndGlobalSection
	GlobalSection(ExtensibilityGlobals) = postSolution
		SolutionGuid = {61BDDD04-3207-452B-B2AB-74749776702F}
	EndGlobalSection
EndGlobal
